# THIS IS AN AUTOGENERATED FILE. DO NOT EDIT THIS FILE DIRECTLY.
# yarn lockfile v1


typescript-transform-paths@^2.1.0:
  version "2.1.0"
  resolved "https://registry.yarnpkg.com/typescript-transform-paths/-/typescript-transform-paths-2.1.0.tgz#3d5c492910c59ce1a7bb762d3078185cbd11940d"
  integrity sha512-xBzFzS5LTfTjyuT4fuqIk3MLDWsrJTNFs3y17CwVR54G6G/KtTZcVc9UjChgDTuoBffd+Q3oD99UtyDXRpuy/g==

typescript@^4.1.2:
  version "4.1.2"
  resolved "https://registry.yarnpkg.com/typescript/-/typescript-4.1.2.tgz#6369ef22516fe5e10304aae5a5c4862db55380e9"
  integrity sha512-thGloWsGH3SOxv1SoY7QojKi0tc+8FnOmiarEGMbd/lar7QOEd3hvlx3Fp5y6FlDUGl9L+pd4n2e+oToGMmhRQ==
